
Microsoft Visual Studio Solution File, Format Version 12.00
# Visual Studio Version 16
VisualStudioVersion = 16.0.35229.62
MinimumVisualStudioVersion = 10.0.40219.1
Project("{F184B08F-C81C-45F6-A57F-5ABD9991F28F}") = "Calculater", "Calculater\Calculater.vbproj", "{F256F70D-D37C-403C-92A1-A2B41262DE55}"
EndProject
Project("{2150E333-8FDC-42A3-9474-1A3956D46DE8}") = "Solution Items", "Solution Items", "{95F3D4E7-F64C-4AB7-8A7C-7A64FFEDFB36}"
	ProjectSection(SolutionItems) = preProject
		Class1.vb = Class1.vb
	EndProjectSection
EndProject
Global
	GlobalSection(SolutionConfigurationPlatforms) = preSolution
		Debug|Any CPU = Debug|Any CPU
		Release|Any CPU = Release|Any CPU
	EndGlobalSection
	GlobalSection(ProjectConfigurationPlatforms) = postSolution
		{F256F70D-D37C-403C-92A1-A2B41262DE55}.Debug|Any CPU.ActiveCfg = Debug|Any CPU
		{F256F70D-D37C-403C-92A1-A2B41262DE55}.Debug|Any CPU.Build.0 = Debug|Any CPU
		{F256F70D-D37C-403C-92A1-A2B41262DE55}.Release|Any CPU.ActiveCfg = Release|Any CPU
		{F256F70D-D37C-403C-92A1-A2B41262DE55}.Release|Any CPU.Build.0 = Release|Any CPU
	EndGlobalSection
	GlobalSection(SolutionProperties) = preSolution
		HideSolutionNode = FALSE
	EndGlobalSection
	GlobalSection(ExtensibilityGlobals) = postSolution
		SolutionGuid = {0BCFAF63-A2C0-4D27-BBA6-E27C49665915}
	EndGlobalSection
EndGlobal
