
Microsoft Visual Studio Solution File, Format Version 12.00
# Visual Studio Version 16
VisualStudioVersion = 16.0.35229.62
MinimumVisualStudioVersion = 10.0.40219.1
Project("{F184B08F-C81C-45F6-A57F-5ABD9991F28F}") = "Strings", "Strings\Strings.vbproj", "{41445BAE-4663-4EED-B61E-58D7794127FD}"
EndProject
Global
	GlobalSection(SolutionConfigurationPlatforms) = preSolution
		Debug|Any CPU = Debug|Any CPU
		Release|Any CPU = Release|Any CPU
	EndGlobalSection
	GlobalSection(ProjectConfigurationPlatforms) = postSolution
		{41445BAE-4663-4EED-B61E-58D7794127FD}.Debug|Any CPU.ActiveCfg = Debug|Any CPU
		{41445BAE-4663-4EED-B61E-58D7794127FD}.Debug|Any CPU.Build.0 = Debug|Any CPU
		{41445BAE-4663-4EED-B61E-58D7794127FD}.Release|Any CPU.ActiveCfg = Release|Any CPU
		{41445BAE-4663-4EED-B61E-58D7794127FD}.Release|Any CPU.Build.0 = Release|Any CPU
	EndGlobalSection
	GlobalSection(SolutionProperties) = preSolution
		HideSolutionNode = FALSE
	EndGlobalSection
	GlobalSection(ExtensibilityGlobals) = postSolution
		SolutionGuid = {46451165-5306-4817-B380-D7F2D3E36C1B}
	EndGlobalSection
EndGlobal
